// !$*UTF8*$!
{
	archiveVersion = 1;
	classes = {
	};
	objectVersion = 56;
	objects = {

/* Begin PBXBuildFile section */
		83C117332B7035880064CAC0 /* AppDelegate.swift in Sources */ = {isa = PBXBuildFile; fileRef = 83C117322B7035880064CAC0 /* AppDelegate.swift */; };
		83C117352B7035880064CAC0 /* SceneDelegate.swift in Sources */ = {isa = PBXBuildFile; fileRef = 83C117342B7035880064CAC0 /* SceneDelegate.swift */; };
		83C117372B7035880064CAC0 /* ViewController.swift in Sources */ = {isa = PBXBuildFile; fileRef = 83C117362B7035880064CAC0 /* ViewController.swift */; };
		83C1173A2B7035880064CAC0 /* Main.storyboard in Resources */ = {isa = PBXBuildFile; fileRef = 83C117382B7035880064CAC0 /* Main.storyboard */; };
		83C1173C2B7035890064CAC0 /* Assets.xcassets in Resources */ = {isa = PBXBuildFile; fileRef = 83C1173B2B7035890064CAC0 /* Assets.xcassets */; };
		83C1173F2B7035890064CAC0 /* LaunchScreen.storyboard in Resources */ = {isa = PBXBuildFile; fileRef = 83C1173D2B7035890064CAC0 /* LaunchScreen.storyboard */; };
		83C117632B7036950064CAC0 /* StoryboardBasedViewController.swift in Sources */ = {isa = PBXBuildFile; fileRef = 83C117622B7036950064CAC0 /* StoryboardBasedViewController.swift */; };
		83C117652B7037790064CAC0 /* StoryboardBasedViewControllerTests.swift in Sources */ = {isa = PBXBuildFile; fileRef = 83C117642B7037790064CAC0 /* StoryboardBasedViewControllerTests.swift */; };
		83C117672B7037FB0064CAC0 /* LoadViewControllersTestsUITests.swift in Sources */ = {isa = PBXBuildFile; fileRef = 83C117662B7037FB0064CAC0 /* LoadViewControllersTestsUITests.swift */; };
		83C1176A2B703AA20064CAC0 /* XIBBasedViewController.swift in Sources */ = {isa = PBXBuildFile; fileRef = 83C117682B703AA20064CAC0 /* XIBBasedViewController.swift */; };
		83C1176B2B703AA20064CAC0 /* XIBBasedViewController.xib in Resources */ = {isa = PBXBuildFile; fileRef = 83C117692B703AA20064CAC0 /* XIBBasedViewController.xib */; };
		83C1176D2B703B7E0064CAC0 /* XIBBasedViewControllerTests.swift in Sources */ = {isa = PBXBuildFile; fileRef = 83C1176C2B703B7E0064CAC0 /* XIBBasedViewControllerTests.swift */; };
/* End PBXBuildFile section */

/* Begin PBXContainerItemProxy section */
		83C117462B7035890064CAC0 /* PBXContainerItemProxy */ = {
			isa = PBXContainerItemProxy;
			containerPortal = 83C117272B7035880064CAC0 /* Project object */;
			proxyType = 1;
			remoteGlobalIDString = 83C1172E2B7035880064CAC0;
			remoteInfo = LoadViewControllersTests;
		};
		83C117502B7035890064CAC0 /* PBXContainerItemProxy */ = {
			isa = PBXContainerItemProxy;
			containerPortal = 83C117272B7035880064CAC0 /* Project object */;
			proxyType = 1;
			remoteGlobalIDString = 83C1172E2B7035880064CAC0;
			remoteInfo = LoadViewControllersTests;
		};
/* End PBXContainerItemProxy section */

/* Begin PBXFileReference section */
		83C1172F2B7035880064CAC0 /* LoadViewControllersTests.app */ = {isa = PBXFileReference; explicitFileType = wrapper.application; includeInIndex = 0; path = LoadViewControllersTests.app; sourceTree = BUILT_PRODUCTS_DIR; };
		83C117322B7035880064CAC0 /* AppDelegate.swift */ = {isa = PBXFileReference; lastKnownFileType = sourcecode.swift; path = AppDelegate.swift; sourceTree = "<group>"; };
		83C117342B7035880064CAC0 /* SceneDelegate.swift */ = {isa = PBXFileReference; lastKnownFileType = sourcecode.swift; path = SceneDelegate.swift; sourceTree = "<group>"; };
		83C117362B7035880064CAC0 /* ViewController.swift */ = {isa = PBXFileReference; lastKnownFileType = sourcecode.swift; path = ViewController.swift; sourceTree = "<group>"; };
		83C117392B7035880064CAC0 /* Base */ = {isa = PBXFileReference; lastKnownFileType = file.storyboard; name = Base; path = Base.lproj/Main.storyboard; sourceTree = "<group>"; };
		83C1173B2B7035890064CAC0 /* Assets.xcassets */ = {isa = PBXFileReference; lastKnownFileType = folder.assetcatalog; path = Assets.xcassets; sourceTree = "<group>"; };
		83C1173E2B7035890064CAC0 /* Base */ = {isa = PBXFileReference; lastKnownFileType = file.storyboard; name = Base; path = Base.lproj/LaunchScreen.storyboard; sourceTree = "<group>"; };
		83C117402B7035890064CAC0 /* Info.plist */ = {isa = PBXFileReference; lastKnownFileType = text.plist.xml; path = Info.plist; sourceTree = "<group>"; };
		83C117452B7035890064CAC0 /* LoadViewControllersTestsTests.xctest */ = {isa = PBXFileReference; explicitFileType = wrapper.cfbundle; includeInIndex = 0; path = LoadViewControllersTestsTests.xctest; sourceTree = BUILT_PRODUCTS_DIR; };
		83C1174F2B7035890064CAC0 /* LoadViewControllersTestsUITests.xctest */ = {isa = PBXFileReference; explicitFileType = wrapper.cfbundle; includeInIndex = 0; path = LoadViewControllersTestsUITests.xctest; sourceTree = BUILT_PRODUCTS_DIR; };
		83C117622B7036950064CAC0 /* StoryboardBasedViewController.swift */ = {isa = PBXFileReference; lastKnownFileType = sourcecode.swift; path = StoryboardBasedViewController.swift; sourceTree = "<group>"; };
		83C117642B7037790064CAC0 /* StoryboardBasedViewControllerTests.swift */ = {isa = PBXFileReference; lastKnownFileType = sourcecode.swift; path = StoryboardBasedViewControllerTests.swift; sourceTree = "<group>"; };
		83C117662B7037FB0064CAC0 /* LoadViewControllersTestsUITests.swift */ = {isa = PBXFileReference; lastKnownFileType = sourcecode.swift; path = LoadViewControllersTestsUITests.swift; sourceTree = "<group>"; };
		83C117682B703AA20064CAC0 /* XIBBasedViewController.swift */ = {isa = PBXFileReference; lastKnownFileType = sourcecode.swift; path = XIBBasedViewController.swift; sourceTree = "<group>"; };
		83C117692B703AA20064CAC0 /* XIBBasedViewController.xib */ = {isa = PBXFileReference; lastKnownFileType = file.xib; path = XIBBasedViewController.xib; sourceTree = "<group>"; };
		83C1176C2B703B7E0064CAC0 /* XIBBasedViewControllerTests.swift */ = {isa = PBXFileReference; lastKnownFileType = sourcecode.swift; path = XIBBasedViewControllerTests.swift; sourceTree = "<group>"; };
/* End PBXFileReference section */

/* Begin PBXFrameworksBuildPhase section */
		83C1172C2B7035880064CAC0 /* Frameworks */ = {
			isa = PBXFrameworksBuildPhase;
			buildActionMask = 2147483647;
			files = (
			);
			runOnlyForDeploymentPostprocessing = 0;
		};
		83C117422B7035890064CAC0 /* Frameworks */ = {
			isa = PBXFrameworksBuildPhase;
			buildActionMask = 2147483647;
			files = (
			);
			runOnlyForDeploymentPostprocessing = 0;
		};
		83C1174C2B7035890064CAC0 /* Frameworks */ = {
			isa = PBXFrameworksBuildPhase;
			buildActionMask = 2147483647;
			files = (
			);
			runOnlyForDeploymentPostprocessing = 0;
		};
/* End PBXFrameworksBuildPhase section */

/* Begin PBXGroup section */
		83C117262B7035880064CAC0 = {
			isa = PBXGroup;
			children = (
				83C117312B7035880064CAC0 /* LoadViewControllersTests */,
				83C117482B7035890064CAC0 /* LoadViewControllersTestsTests */,
				83C117522B7035890064CAC0 /* LoadViewControllersTestsUITests */,
				83C117302B7035880064CAC0 /* Products */,
			);
			sourceTree = "<group>";
		};
		83C117302B7035880064CAC0 /* Products */ = {
			isa = PBXGroup;
			children = (
				83C1172F2B7035880064CAC0 /* LoadViewControllersTests.app */,
				83C117452B7035890064CAC0 /* LoadViewControllersTestsTests.xctest */,
				83C1174F2B7035890064CAC0 /* LoadViewControllersTestsUITests.xctest */,
			);
			name = Products;
			sourceTree = "<group>";
		};
		83C117312B7035880064CAC0 /* LoadViewControllersTests */ = {
			isa = PBXGroup;
			children = (
				83C117322B7035880064CAC0 /* AppDelegate.swift */,
				83C117342B7035880064CAC0 /* SceneDelegate.swift */,
				83C117362B7035880064CAC0 /* ViewController.swift */,
				83C117622B7036950064CAC0 /* StoryboardBasedViewController.swift */,
				83C117382B7035880064CAC0 /* Main.storyboard */,
				83C1173B2B7035890064CAC0 /* Assets.xcassets */,
				83C1173D2B7035890064CAC0 /* LaunchScreen.storyboard */,
				83C117402B7035890064CAC0 /* Info.plist */,
				83C117682B703AA20064CAC0 /* XIBBasedViewController.swift */,
				83C117692B703AA20064CAC0 /* XIBBasedViewController.xib */,
			);
			path = LoadViewControllersTests;
			sourceTree = "<group>";
		};
		83C117482B7035890064CAC0 /* LoadViewControllersTestsTests */ = {
			isa = PBXGroup;
			children = (
				83C117642B7037790064CAC0 /* StoryboardBasedViewControllerTests.swift */,
				83C1176C2B703B7E0064CAC0 /* XIBBasedViewControllerTests.swift */,
			);
			path = LoadViewControllersTestsTests;
			sourceTree = "<group>";
		};
		83C117522B7035890064CAC0 /* LoadViewControllersTestsUITests */ = {
			isa = PBXGroup;
			children = (
				83C117662B7037FB0064CAC0 /* LoadViewControllersTestsUITests.swift */,
			);
			path = LoadViewControllersTestsUITests;
			sourceTree = "<group>";
		};
/* End PBXGroup section */

/* Begin PBXNativeTarget section */
		83C1172E2B7035880064CAC0 /* LoadViewControllersTests */ = {
			isa = PBXNativeTarget;
			buildConfigurationList = 83C117592B7035890064CAC0 /* Build configuration list for PBXNativeTarget "LoadViewControllersTests" */;
			buildPhases = (
				83C1172B2B7035880064CAC0 /* Sources */,
				83C1172C2B7035880064CAC0 /* Frameworks */,
				83C1172D2B7035880064CAC0 /* Resources */,
			);
			buildRules = (
			);
			dependencies = (
			);
			name = LoadViewControllersTests;
			productName = LoadViewControllersTests;
			productReference = 83C1172F2B7035880064CAC0 /* LoadViewControllersTests.app */;
			productType = "com.apple.product-type.application";
		};
		83C117442B7035890064CAC0 /* LoadViewControllersTestsTests */ = {
			isa = PBXNativeTarget;
			buildConfigurationList = 83C1175C2B7035890064CAC0 /* Build configuration list for PBXNativeTarget "LoadViewControllersTestsTests" */;
			buildPhases = (
				83C117412B7035890064CAC0 /* Sources */,
				83C117422B7035890064CAC0 /* Frameworks */,
				83C117432B7035890064CAC0 /* Resources */,
			);
			buildRules = (
			);
			dependencies = (
				83C117472B7035890064CAC0 /* PBXTargetDependency */,
			);
			name = LoadViewControllersTestsTests;
			productName = LoadViewControllersTestsTests;
			productReference = 83C117452B7035890064CAC0 /* LoadViewControllersTestsTests.xctest */;
			productType = "com.apple.product-type.bundle.unit-test";
		};
		83C1174E2B7035890064CAC0 /* LoadViewControllersTestsUITests */ = {
			isa = PBXNativeTarget;
			buildConfigurationList = 83C1175F2B7035890064CAC0 /* Build configuration list for PBXNativeTarget "LoadViewControllersTestsUITests" */;
			buildPhases = (
				83C1174B2B7035890064CAC0 /* Sources */,
				83C1174C2B7035890064CAC0 /* Frameworks */,
				83C1174D2B7035890064CAC0 /* Resources */,
			);
			buildRules = (
			);
			dependencies = (
				83C117512B7035890064CAC0 /* PBXTargetDependency */,
			);
			name = LoadViewControllersTestsUITests;
			productName = LoadViewControllersTestsUITests;
			productReference = 83C1174F2B7035890064CAC0 /* LoadViewControllersTestsUITests.xctest */;
			productType = "com.apple.product-type.bundle.ui-testing";
		};
/* End PBXNativeTarget section */

/* Begin PBXProject section */
		83C117272B7035880064CAC0 /* Project object */ = {
			isa = PBXProject;
			attributes = {
				BuildIndependentTargetsInParallel = 1;
				LastSwiftUpdateCheck = 1500;
				LastUpgradeCheck = 1500;
				TargetAttributes = {
					83C1172E2B7035880064CAC0 = {
						CreatedOnToolsVersion = 15.0.1;
					};
					83C117442B7035890064CAC0 = {
						CreatedOnToolsVersion = 15.0.1;
						LastSwiftMigration = 1500;
						TestTargetID = 83C1172E2B7035880064CAC0;
					};
					83C1174E2B7035890064CAC0 = {
						CreatedOnToolsVersion = 15.0.1;
						LastSwiftMigration = 1500;
						TestTargetID = 83C1172E2B7035880064CAC0;
					};
				};
			};
			buildConfigurationList = 83C1172A2B7035880064CAC0 /* Build configuration list for PBXProject "LoadViewControllersTests" */;
			compatibilityVersion = "Xcode 14.0";
			developmentRegion = en;
			hasScannedForEncodings = 0;
			knownRegions = (
				en,
				Base,
			);
			mainGroup = 83C117262B7035880064CAC0;
			productRefGroup = 83C117302B7035880064CAC0 /* Products */;
			projectDirPath = "";
			projectRoot = "";
			targets = (
				83C1172E2B7035880064CAC0 /* LoadViewControllersTests */,
				83C117442B7035890064CAC0 /* LoadViewControllersTestsTests */,
				83C1174E2B7035890064CAC0 /* LoadViewControllersTestsUITests */,
			);
		};
/* End PBXProject section */

/* Begin PBXResourcesBuildPhase section */
		83C1172D2B7035880064CAC0 /* Resources */ = {
			isa = PBXResourcesBuildPhase;
			buildActionMask = 2147483647;
			files = (
				83C1176B2B703AA20064CAC0 /* XIBBasedViewController.xib in Resources */,
				83C1173F2B7035890064CAC0 /* LaunchScreen.storyboard in Resources */,
				83C1173C2B7035890064CAC0 /* Assets.xcassets in Resources */,
				83C1173A2B7035880064CAC0 /* Main.storyboard in Resources */,
			);
			runOnlyForDeploymentPostprocessing = 0;
		};
		83C117432B7035890064CAC0 /* Resources */ = {
			isa = PBXResourcesBuildPhase;
			buildActionMask = 2147483647;
			files = (
			);
			runOnlyForDeploymentPostprocessing = 0;
		};
		83C1174D2B7035890064CAC0 /* Resources */ = {
			isa = PBXResourcesBuildPhase;
			buildActionMask = 2147483647;
			files = (
			);
			runOnlyForDeploymentPostprocessing = 0;
		};
/* End PBXResourcesBuildPhase section */

/* Begin PBXSourcesBuildPhase section */
		83C1172B2B7035880064CAC0 /* Sources */ = {
			isa = PBXSourcesBuildPhase;
			buildActionMask = 2147483647;
			files = (
				83C117372B7035880064CAC0 /* ViewController.swift in Sources */,
				83C1176A2B703AA20064CAC0 /* XIBBasedViewController.swift in Sources */,
				83C117632B7036950064CAC0 /* StoryboardBasedViewController.swift in Sources */,
				83C117332B7035880064CAC0 /* AppDelegate.swift in Sources */,
				83C117352B7035880064CAC0 /* SceneDelegate.swift in Sources */,
			);
			runOnlyForDeploymentPostprocessing = 0;
		};
		83C117412B7035890064CAC0 /* Sources */ = {
			isa = PBXSourcesBuildPhase;
			buildActionMask = 2147483647;
			files = (
				83C1176D2B703B7E0064CAC0 /* XIBBasedViewControllerTests.swift in Sources */,
				83C117652B7037790064CAC0 /* StoryboardBasedViewControllerTests.swift in Sources */,
			);
			runOnlyForDeploymentPostprocessing = 0;
		};
		83C1174B2B7035890064CAC0 /* Sources */ = {
			isa = PBXSourcesBuildPhase;
			buildActionMask = 2147483647;
			files = (
				83C117672B7037FB0064CAC0 /* LoadViewControllersTestsUITests.swift in Sources */,
			);
			runOnlyForDeploymentPostprocessing = 0;
		};
/* End PBXSourcesBuildPhase section */

/* Begin PBXTargetDependency section */
		83C117472B7035890064CAC0 /* PBXTargetDependency */ = {
			isa = PBXTargetDependency;
			target = 83C1172E2B7035880064CAC0 /* LoadViewControllersTests */;
			targetProxy = 83C117462B7035890064CAC0 /* PBXContainerItemProxy */;
		};
		83C117512B7035890064CAC0 /* PBXTargetDependency */ = {
			isa = PBXTargetDependency;
			target = 83C1172E2B7035880064CAC0 /* LoadViewControllersTests */;
			targetProxy = 83C117502B7035890064CAC0 /* PBXContainerItemProxy */;
		};
/* End PBXTargetDependency section */

/* Begin PBXVariantGroup section */
		83C117382B7035880064CAC0 /* Main.storyboard */ = {
			isa = PBXVariantGroup;
			children = (
				83C117392B7035880064CAC0 /* Base */,
			);
			name = Main.storyboard;
			sourceTree = "<group>";
		};
		83C1173D2B7035890064CAC0 /* LaunchScreen.storyboard */ = {
			isa = PBXVariantGroup;
			children = (
				83C1173E2B7035890064CAC0 /* Base */,
			);
			name = LaunchScreen.storyboard;
			sourceTree = "<group>";
		};
/* End PBXVariantGroup section */

/* Begin XCBuildConfiguration section */
		83C117572B7035890064CAC0 /* Debug */ = {
			isa = XCBuildConfiguration;
			buildSettings = {
				ALWAYS_SEARCH_USER_PATHS = NO;
				ASSETCATALOG_COMPILER_GENERATE_SWIFT_ASSET_SYMBOL_EXTENSIONS = YES;
				CLANG_ANALYZER_NONNULL = YES;
				CLANG_ANALYZER_NUMBER_OBJECT_CONVERSION = YES_AGGRESSIVE;
				CLANG_CXX_LANGUAGE_STANDARD = "gnu++20";
				CLANG_ENABLE_MODULES = YES;
				CLANG_ENABLE_OBJC_ARC = YES;
				CLANG_ENABLE_OBJC_WEAK = YES;
				CLANG_WARN_BLOCK_CAPTURE_AUTORELEASING = YES;
				CLANG_WARN_BOOL_CONVERSION = YES;
				CLANG_WARN_COMMA = YES;
				CLANG_WARN_CONSTANT_CONVERSION = YES;
				CLANG_WARN_DEPRECATED_OBJC_IMPLEMENTATIONS = YES;
				CLANG_WARN_DIRECT_OBJC_ISA_USAGE = YES_ERROR;
				CLANG_WARN_DOCUMENTATION_COMMENTS = YES;
				CLANG_WARN_EMPTY_BODY = YES;
				CLANG_WARN_ENUM_CONVERSION = YES;
				CLANG_WARN_INFINITE_RECURSION = YES;
				CLANG_WARN_INT_CONVERSION = YES;
				CLANG_WARN_NON_LITERAL_NULL_CONVERSION = YES;
				CLANG_WARN_OBJC_IMPLICIT_RETAIN_SELF = YES;
				CLANG_WARN_OBJC_LITERAL_CONVERSION = YES;
				CLANG_WARN_OBJC_ROOT_CLASS = YES_ERROR;
				CLANG_WARN_QUOTED_INCLUDE_IN_FRAMEWORK_HEADER = YES;
				CLANG_WARN_RANGE_LOOP_ANALYSIS = YES;
				CLANG_WARN_STRICT_PROTOTYPES = YES;
				CLANG_WARN_SUSPICIOUS_MOVE = YES;
				CLANG_WARN_UNGUARDED_AVAILABILITY = YES_AGGRESSIVE;
				CLANG_WARN_UNREACHABLE_CODE = YES;
				CLANG_WARN__DUPLICATE_METHOD_MATCH = YES;
				COPY_PHASE_STRIP = NO;
				DEBUG_INFORMATION_FORMAT = dwarf;
				ENABLE_STRICT_OBJC_MSGSEND = YES;
				ENABLE_TESTABILITY = YES;
				ENABLE_USER_SCRIPT_SANDBOXING = YES;
				GCC_C_LANGUAGE_STANDARD = gnu17;
				GCC_DYNAMIC_NO_PIC = NO;
				GCC_NO_COMMON_BLOCKS = YES;
				GCC_OPTIMIZATION_LEVEL = 0;
				GCC_PREPROCESSOR_DEFINITIONS = (
					"DEBUG=1",
					"$(inherited)",
				);
				GCC_WARN_64_TO_32_BIT_CONVERSION = YES;
				GCC_WARN_ABOUT_RETURN_TYPE = YES_ERROR;
				GCC_WARN_UNDECLARED_SELECTOR = YES;
				GCC_WARN_UNINITIALIZED_AUTOS = YES_AGGRESSIVE;
				GCC_WARN_UNUSED_FUNCTION = YES;
				GCC_WARN_UNUSED_VARIABLE = YES;
				IPHONEOS_DEPLOYMENT_TARGET = 17.0;
				LOCALIZATION_PREFERS_STRING_CATALOGS = YES;
				MTL_ENABLE_DEBUG_INFO = INCLUDE_SOURCE;
				MTL_FAST_MATH = YES;
				ONLY_ACTIVE_ARCH = YES;
				SDKROOT = iphoneos;
				SWIFT_ACTIVE_COMPILATION_CONDITIONS = "DEBUG $(inherited)";
				SWIFT_OPTIMIZATION_LEVEL = "-Onone";
			};
			name = Debug;
		};
		83C117582B7035890064CAC0 /* Release */ = {
			isa = XCBuildConfiguration;
			buildSettings = {
				ALWAYS_SEARCH_USER_PATHS = NO;
				ASSETCATALOG_COMPILER_GENERATE_SWIFT_ASSET_SYMBOL_EXTENSIONS = YES;
				CLANG_ANALYZER_NONNULL = YES;
				CLANG_ANALYZER_NUMBER_OBJECT_CONVERSION = YES_AGGRESSIVE;
				CLANG_CXX_LANGUAGE_STANDARD = "gnu++20";
				CLANG_ENABLE_MODULES = YES;
				CLANG_ENABLE_OBJC_ARC = YES;
				CLANG_ENABLE_OBJC_WEAK = YES;
				CLANG_WARN_BLOCK_CAPTURE_AUTORELEASING = YES;
				CLANG_WARN_BOOL_CONVERSION = YES;
				CLANG_WARN_COMMA = YES;
				CLANG_WARN_CONSTANT_CONVERSION = YES;
				CLANG_WARN_DEPRECATED_OBJC_IMPLEMENTATIONS = YES;
				CLANG_WARN_DIRECT_OBJC_ISA_USAGE = YES_ERROR;
				CLANG_WARN_DOCUMENTATION_COMMENTS = YES;
				CLANG_WARN_EMPTY_BODY = YES;
				CLANG_WARN_ENUM_CONVERSION = YES;
				CLANG_WARN_INFINITE_RECURSION = YES;
				CLANG_WARN_INT_CONVERSION = YES;
				CLANG_WARN_NON_LITERAL_NULL_CONVERSION = YES;
				CLANG_WARN_OBJC_IMPLICIT_RETAIN_SELF = YES;
				CLANG_WARN_OBJC_LITERAL_CONVERSION = YES;
				CLANG_WARN_OBJC_ROOT_CLASS = YES_ERROR;
				CLANG_WARN_QUOTED_INCLUDE_IN_FRAMEWORK_HEADER = YES;
				CLANG_WARN_RANGE_LOOP_ANALYSIS = YES;
				CLANG_WARN_STRICT_PROTOTYPES = YES;
				CLANG_WARN_SUSPICIOUS_MOVE = YES;
				CLANG_WARN_UNGUARDED_AVAILABILITY = YES_AGGRESSIVE;
				CLANG_WARN_UNREACHABLE_CODE = YES;
				CLANG_WARN__DUPLICATE_METHOD_MATCH = YES;
				COPY_PHASE_STRIP = NO;
				DEBUG_INFORMATION_FORMAT = "dwarf-with-dsym";
				ENABLE_NS_ASSERTIONS = NO;
				ENABLE_STRICT_OBJC_MSGSEND = YES;
				ENABLE_USER_SCRIPT_SANDBOXING = YES;
				GCC_C_LANGUAGE_STANDARD = gnu17;
				GCC_NO_COMMON_BLOCKS = YES;
				GCC_WARN_64_TO_32_BIT_CONVERSION = YES;
				GCC_WARN_ABOUT_RETURN_TYPE = YES_ERROR;
				GCC_WARN_UNDECLARED_SELECTOR = YES;
				GCC_WARN_UNINITIALIZED_AUTOS = YES_AGGRESSIVE;
				GCC_WARN_UNUSED_FUNCTION = YES;
				GCC_WARN_UNUSED_VARIABLE = YES;
				IPHONEOS_DEPLOYMENT_TARGET = 17.0;
				LOCALIZATION_PREFERS_STRING_CATALOGS = YES;
				MTL_ENABLE_DEBUG_INFO = NO;
				MTL_FAST_MATH = YES;
				SDKROOT = iphoneos;
				SWIFT_COMPILATION_MODE = wholemodule;
				VALIDATE_PRODUCT = YES;
			};
			name = Release;
		};
		83C1175A2B7035890064CAC0 /* Debug */ = {
			isa = XCBuildConfiguration;
			buildSettings = {
				ASSETCATALOG_COMPILER_APPICON_NAME = AppIcon;
				ASSETCATALOG_COMPILER_GLOBAL_ACCENT_COLOR_NAME = AccentColor;
				CODE_SIGN_STYLE = Automatic;
				CURRENT_PROJECT_VERSION = 1;
				GENERATE_INFOPLIST_FILE = YES;
				INFOPLIST_FILE = LoadViewControllersTests/Info.plist;
				INFOPLIST_KEY_UIApplicationSupportsIndirectInputEvents = YES;
				INFOPLIST_KEY_UILaunchStoryboardName = LaunchScreen;
				INFOPLIST_KEY_UIMainStoryboardFile = Main;
				INFOPLIST_KEY_UISupportedInterfaceOrientations_iPad = "UIInterfaceOrientationPortrait UIInterfaceOrientationPortraitUpsideDown UIInterfaceOrientationLandscapeLeft UIInterfaceOrientationLandscapeRight";
				INFOPLIST_KEY_UISupportedInterfaceOrientations_iPhone = "UIInterfaceOrientationPortrait UIInterfaceOrientationLandscapeLeft UIInterfaceOrientationLandscapeRight";
				LD_RUNPATH_SEARCH_PATHS = (
					"$(inherited)",
					"@executable_path/Frameworks",
				);
				MARKETING_VERSION = 1.0;
				PRODUCT_BUNDLE_IDENTIFIER = com.hh.LoadViewControllersTests;
				PRODUCT_NAME = "$(TARGET_NAME)";
				SWIFT_EMIT_LOC_STRINGS = YES;
				SWIFT_VERSION = 5.0;
				TARGETED_DEVICE_FAMILY = "1,2";
			};
			name = Debug;
		};
		83C1175B2B7035890064CAC0 /* Release */ = {
			isa = XCBuildConfiguration;
			buildSettings = {
				ASSETCATALOG_COMPILER_APPICON_NAME = AppIcon;
				ASSETCATALOG_COMPILER_GLOBAL_ACCENT_COLOR_NAME = AccentColor;
				CODE_SIGN_STYLE = Automatic;
				CURRENT_PROJECT_VERSION = 1;
				GENERATE_INFOPLIST_FILE = YES;
				INFOPLIST_FILE = LoadViewControllersTests/Info.plist;
				INFOPLIST_KEY_UIApplicationSupportsIndirectInputEvents = YES;
				INFOPLIST_KEY_UILaunchStoryboardName = LaunchScreen;
				INFOPLIST_KEY_UIMainStoryboardFile = Main;
				INFOPLIST_KEY_UISupportedInterfaceOrientations_iPad = "UIInterfaceOrientationPortrait UIInterfaceOrientationPortraitUpsideDown UIInterfaceOrientationLandscapeLeft UIInterfaceOrientationLandscapeRight";
				INFOPLIST_KEY_UISupportedInterfaceOrientations_iPhone = "UIInterfaceOrientationPortrait UIInterfaceOrientationLandscapeLeft UIInterfaceOrientationLandscapeRight";
				LD_RUNPATH_SEARCH_PATHS = (
					"$(inherited)",
					"@executable_path/Frameworks",
				);
				MARKETING_VERSION = 1.0;
				PRODUCT_BUNDLE_IDENTIFIER = com.hh.LoadViewControllersTests;
				PRODUCT_NAME = "$(TARGET_NAME)";
				SWIFT_EMIT_LOC_STRINGS = YES;
				SWIFT_VERSION = 5.0;
				TARGETED_DEVICE_FAMILY = "1,2";
			};
			name = Release;
		};
		83C1175D2B7035890064CAC0 /* Debug */ = {
			isa = XCBuildConfiguration;
			buildSettings = {
				ALWAYS_EMBED_SWIFT_STANDARD_LIBRARIES = YES;
				BUNDLE_LOADER = "$(TEST_HOST)";
				CLANG_ENABLE_MODULES = YES;
				CODE_SIGN_STYLE = Automatic;
				CURRENT_PROJECT_VERSION = 1;
				GENERATE_INFOPLIST_FILE = YES;
				IPHONEOS_DEPLOYMENT_TARGET = 17.0;
				MARKETING_VERSION = 1.0;
				PRODUCT_BUNDLE_IDENTIFIER = com.hh.LoadViewControllersTestsTests;
				PRODUCT_NAME = "$(TARGET_NAME)";
				SWIFT_EMIT_LOC_STRINGS = NO;
				SWIFT_OPTIMIZATION_LEVEL = "-Onone";
				SWIFT_VERSION = 5.0;
				TARGETED_DEVICE_FAMILY = "1,2";
				TEST_HOST = "$(BUILT_PRODUCTS_DIR)/LoadViewControllersTests.app/$(BUNDLE_EXECUTABLE_FOLDER_PATH)/LoadViewControllersTests";
			};
			name = Debug;
		};
		83C1175E2B7035890064CAC0 /* Release */ = {
			isa = XCBuildConfiguration;
			buildSettings = {
				ALWAYS_EMBED_SWIFT_STANDARD_LIBRARIES = YES;
				BUNDLE_LOADER = "$(TEST_HOST)";
				CLANG_ENABLE_MODULES = YES;
				CODE_SIGN_STYLE = Automatic;
				CURRENT_PROJECT_VERSION = 1;
				GENERATE_INFOPLIST_FILE = YES;
				IPHONEOS_DEPLOYMENT_TARGET = 17.0;
				MARKETING_VERSION = 1.0;
				PRODUCT_BUNDLE_IDENTIFIER = com.hh.LoadViewControllersTestsTests;
				PRODUCT_NAME = "$(TARGET_NAME)";
				SWIFT_EMIT_LOC_STRINGS = NO;
				SWIFT_VERSION = 5.0;
				TARGETED_DEVICE_FAMILY = "1,2";
				TEST_HOST = "$(BUILT_PRODUCTS_DIR)/LoadViewControllersTests.app/$(BUNDLE_EXECUTABLE_FOLDER_PATH)/LoadViewControllersTests";
			};
			name = Release;
		};
		83C117602B7035890064CAC0 /* Debug */ = {
			isa = XCBuildConfiguration;
			buildSettings = {
				ALWAYS_EMBED_SWIFT_STANDARD_LIBRARIES = YES;
				CLANG_ENABLE_MODULES = YES;
				CODE_SIGN_STYLE = Automatic;
				CURRENT_PROJECT_VERSION = 1;
				GENERATE_INFOPLIST_FILE = YES;
				MARKETING_VERSION = 1.0;
				PRODUCT_BUNDLE_IDENTIFIER = com.hh.LoadViewControllersTestsUITests;
				PRODUCT_NAME = "$(TARGET_NAME)";
				SWIFT_EMIT_LOC_STRINGS = NO;
				SWIFT_OPTIMIZATION_LEVEL = "-Onone";
				SWIFT_VERSION = 5.0;
				TARGETED_DEVICE_FAMILY = "1,2";
				TEST_TARGET_NAME = LoadViewControllersTests;
			};
			name = Debug;
		};
		83C117612B7035890064CAC0 /* Release */ = {
			isa = XCBuildConfiguration;
			buildSettings = {
				ALWAYS_EMBED_SWIFT_STANDARD_LIBRARIES = YES;
				CLANG_ENABLE_MODULES = YES;
				CODE_SIGN_STYLE = Automatic;
				CURRENT_PROJECT_VERSION = 1;
				GENERATE_INFOPLIST_FILE = YES;
				MARKETING_VERSION = 1.0;
				PRODUCT_BUNDLE_IDENTIFIER = com.hh.LoadViewControllersTestsUITests;
				PRODUCT_NAME = "$(TARGET_NAME)";
				SWIFT_EMIT_LOC_STRINGS = NO;
				SWIFT_VERSION = 5.0;
				TARGETED_DEVICE_FAMILY = "1,2";
				TEST_TARGET_NAME = LoadViewControllersTests;
			};
			name = Release;
		};
/* End XCBuildConfiguration section */

/* Begin XCConfigurationList section */
		83C1172A2B7035880064CAC0 /* Build configuration list for PBXProject "LoadViewControllersTests" */ = {
			isa = XCConfigurationList;
			buildConfigurations = (
				83C117572B7035890064CAC0 /* Debug */,
				83C117582B7035890064CAC0 /* Release */,
			);
			defaultConfigurationIsVisible = 0;
			defaultConfigurationName = Release;
		};
		83C117592B7035890064CAC0 /* Build configuration list for PBXNativeTarget "LoadViewControllersTests" */ = {
			isa = XCConfigurationList;
			buildConfigurations = (
				83C1175A2B7035890064CAC0 /* Debug */,
				83C1175B2B7035890064CAC0 /* Release */,
			);
			defaultConfigurationIsVisible = 0;
			defaultConfigurationName = Release;
		};
		83C1175C2B7035890064CAC0 /* Build configuration list for PBXNativeTarget "LoadViewControllersTestsTests" */ = {
			isa = XCConfigurationList;
			buildConfigurations = (
				83C1175D2B7035890064CAC0 /* Debug */,
				83C1175E2B7035890064CAC0 /* Release */,
			);
			defaultConfigurationIsVisible = 0;
			defaultConfigurationName = Release;
		};
		83C1175F2B7035890064CAC0 /* Build configuration list for PBXNativeTarget "LoadViewControllersTestsUITests" */ = {
			isa = XCConfigurationList;
			buildConfigurations = (
				83C117602B7035890064CAC0 /* Debug */,
				83C117612B7035890064CAC0 /* Release */,
			);
			defaultConfigurationIsVisible = 0;
			defaultConfigurationName = Release;
		};
/* End XCConfigurationList section */
	};
	rootObject = 83C117272B7035880064CAC0 /* Project object */;
}
